// !$*UTF8*$!
{
	archiveVersion = 1;
	classes = {
	};
	objectVersion = 46;
	objects = {

/* Begin PBXBuildFile section */
		2E7D515C1EDB0749003C4608 /* AppDelegate.swift in Sources */ = {isa = PBXBuildFile; fileRef = 2E7D515B1EDB0749003C4608 /* AppDelegate.swift */; };
		2E7D515E1EDB0749003C4608 /* ViewController.swift in Sources */ = {isa = PBXBuildFile; fileRef = 2E7D515D1EDB0749003C4608 /* ViewController.swift */; };
		2E7D51611EDB0749003C4608 /* Main.storyboard in Resources */ = {isa = PBXBuildFile; fileRef = 2E7D515F1EDB0749003C4608 /* Main.storyboard */; };
		2E7D51641EDB074A003C4608 /* TipCalculator.xcdatamodeld in Sources */ = {isa = PBXBuildFile; fileRef = 2E7D51621EDB074A003C4608 /* TipCalculator.xcdatamodeld */; };
		2E7D51661EDB074A003C4608 /* Assets.xcassets in Resources */ = {isa = PBXBuildFile; fileRef = 2E7D51651EDB074A003C4608 /* Assets.xcassets */; };
		2E7D51691EDB074A003C4608 /* LaunchScreen.storyboard in Resources */ = {isa = PBXBuildFile; fileRef = 2E7D51671EDB074A003C4608 /* LaunchScreen.storyboard */; };
		2E7D51741EDB074A003C4608 /* TipCalculatorTests.swift in Sources */ = {isa = PBXBuildFile; fileRef = 2E7D51731EDB074A003C4608 /* TipCalculatorTests.swift */; };
		2E7D517F1EDB074A003C4608 /* TipCalculatorUITests.swift in Sources */ = {isa = PBXBuildFile; fileRef = 2E7D517E1EDB074A003C4608 /* TipCalculatorUITests.swift */; };
		2E7D518D1EDB0CFE003C4608 /* HistoryTableViewController.swift in Sources */ = {isa = PBXBuildFile; fileRef = 2E7D518C1EDB0CFE003C4608 /* HistoryTableViewController.swift */; };
		2E7D51911EDB0DEE003C4608 /* DesignTextField.swift in Sources */ = {isa = PBXBuildFile; fileRef = 2E7D51901EDB0DEE003C4608 /* DesignTextField.swift */; };
		2E7D51931EDB0FE3003C4608 /* DesignButton.swift in Sources */ = {isa = PBXBuildFile; fileRef = 2E7D51921EDB0FE3003C4608 /* DesignButton.swift */; };
		2E7D51951EDB1C6D003C4608 /* HistoryTableViewCell.swift in Sources */ = {isa = PBXBuildFile; fileRef = 2E7D51941EDB1C6D003C4608 /* HistoryTableViewCell.swift */; };
/* End PBXBuildFile section */

/* Begin PBXContainerItemProxy section */
		2E7D51701EDB074A003C4608 /* PBXContainerItemProxy */ = {
			isa = PBXContainerItemProxy;
			containerPortal = 2E7D51501EDB0749003C4608 /* Project object */;
			proxyType = 1;
			remoteGlobalIDString = 2E7D51571EDB0749003C4608;
			remoteInfo = TipCalculator;
		};
		2E7D517B1EDB074A003C4608 /* PBXContainerItemProxy */ = {
			isa = PBXContainerItemProxy;
			containerPortal = 2E7D51501EDB0749003C4608 /* Project object */;
			proxyType = 1;
			remoteGlobalIDString = 2E7D51571EDB0749003C4608;
			remoteInfo = TipCalculator;
		};
/* End PBXContainerItemProxy section */

/* Begin PBXFileReference section */
		2E7D51581EDB0749003C4608 /* TipCalculator.app */ = {isa = PBXFileReference; explicitFileType = wrapper.application; includeInIndex = 0; path = TipCalculator.app; sourceTree = BUILT_PRODUCTS_DIR; };
		2E7D515B1EDB0749003C4608 /* AppDelegate.swift */ = {isa = PBXFileReference; lastKnownFileType = sourcecode.swift; path = AppDelegate.swift; sourceTree = "<group>"; };
		2E7D515D1EDB0749003C4608 /* ViewController.swift */ = {isa = PBXFileReference; lastKnownFileType = sourcecode.swift; path = ViewController.swift; sourceTree = "<group>"; };
		2E7D51601EDB0749003C4608 /* Base */ = {isa = PBXFileReference; lastKnownFileType = file.storyboard; name = Base; path = Base.lproj/Main.storyboard; sourceTree = "<group>"; };
		2E7D51631EDB074A003C4608 /* TipCalculator.xcdatamodel */ = {isa = PBXFileReference; lastKnownFileType = wrapper.xcdatamodel; path = TipCalculator.xcdatamodel; sourceTree = "<group>"; };
		2E7D51651EDB074A003C4608 /* Assets.xcassets */ = {isa = PBXFileReference; lastKnownFileType = folder.assetcatalog; path = Assets.xcassets; sourceTree = "<group>"; };
		2E7D51681EDB074A003C4608 /* Base */ = {isa = PBXFileReference; lastKnownFileType = file.storyboard; name = Base; path = Base.lproj/LaunchScreen.storyboard; sourceTree = "<group>"; };
		2E7D516A1EDB074A003C4608 /* Info.plist */ = {isa = PBXFileReference; lastKnownFileType = text.plist.xml; path = Info.plist; sourceTree = "<group>"; };
		2E7D516F1EDB074A003C4608 /* TipCalculatorTests.xctest */ = {isa = PBXFileReference; explicitFileType = wrapper.cfbundle; includeInIndex = 0; path = TipCalculatorTests.xctest; sourceTree = BUILT_PRODUCTS_DIR; };
		2E7D51731EDB074A003C4608 /* TipCalculatorTests.swift */ = {isa = PBXFileReference; lastKnownFileType = sourcecode.swift; path = TipCalculatorTests.swift; sourceTree = "<group>"; };
		2E7D51751EDB074A003C4608 /* Info.plist */ = {isa = PBXFileReference; lastKnownFileType = text.plist.xml; path = Info.plist; sourceTree = "<group>"; };
		2E7D517A1EDB074A003C4608 /* TipCalculatorUITests.xctest */ = {isa = PBXFileReference; explicitFileType = wrapper.cfbundle; includeInIndex = 0; path = TipCalculatorUITests.xctest; sourceTree = BUILT_PRODUCTS_DIR; };
		2E7D517E1EDB074A003C4608 /* TipCalculatorUITests.swift */ = {isa = PBXFileReference; lastKnownFileType = sourcecode.swift; path = TipCalculatorUITests.swift; sourceTree = "<group>"; };
		2E7D51801EDB074A003C4608 /* Info.plist */ = {isa = PBXFileReference; lastKnownFileType = text.plist.xml; path = Info.plist; sourceTree = "<group>"; };
		2E7D518C1EDB0CFE003C4608 /* HistoryTableViewController.swift */ = {isa = PBXFileReference; fileEncoding = 4; lastKnownFileType = sourcecode.swift; path = HistoryTableViewController.swift; sourceTree = "<group>"; };
		2E7D51901EDB0DEE003C4608 /* DesignTextField.swift */ = {isa = PBXFileReference; fileEncoding = 4; lastKnownFileType = sourcecode.swift; path = DesignTextField.swift; sourceTree = "<group>"; };
		2E7D51921EDB0FE3003C4608 /* DesignButton.swift */ = {isa = PBXFileReference; fileEncoding = 4; lastKnownFileType = sourcecode.swift; path = DesignButton.swift; sourceTree = "<group>"; };
		2E7D51941EDB1C6D003C4608 /* HistoryTableViewCell.swift */ = {isa = PBXFileReference; fileEncoding = 4; lastKnownFileType = sourcecode.swift; path = HistoryTableViewCell.swift; sourceTree = "<group>"; };
/* End PBXFileReference section */

/* Begin PBXFrameworksBuildPhase section */
		2E7D51551EDB0749003C4608 /* Frameworks */ = {
			isa = PBXFrameworksBuildPhase;
			buildActionMask = 2147483647;
			files = (
			);
			runOnlyForDeploymentPostprocessing = 0;
		};
		2E7D516C1EDB074A003C4608 /* Frameworks */ = {
			isa = PBXFrameworksBuildPhase;
			buildActionMask = 2147483647;
			files = (
			);
			runOnlyForDeploymentPostprocessing = 0;
		};
		2E7D51771EDB074A003C4608 /* Frameworks */ = {
			isa = PBXFrameworksBuildPhase;
			buildActionMask = 2147483647;
			files = (
			);
			runOnlyForDeploymentPostprocessing = 0;
		};
/* End PBXFrameworksBuildPhase section */

/* Begin PBXGroup section */
		2E7D514F1EDB0749003C4608 = {
			isa = PBXGroup;
			children = (
				2E7D515A1EDB0749003C4608 /* TipCalculator */,
				2E7D51721EDB074A003C4608 /* TipCalculatorTests */,
				2E7D517D1EDB074A003C4608 /* TipCalculatorUITests */,
				2E7D51591EDB0749003C4608 /* Products */,
			);
			sourceTree = "<group>";
		};
		2E7D51591EDB0749003C4608 /* Products */ = {
			isa = PBXGroup;
			children = (
				2E7D51581EDB0749003C4608 /* TipCalculator.app */,
				2E7D516F1EDB074A003C4608 /* TipCalculatorTests.xctest */,
				2E7D517A1EDB074A003C4608 /* TipCalculatorUITests.xctest */,
			);
			name = Products;
			sourceTree = "<group>";
		};
		2E7D515A1EDB0749003C4608 /* TipCalculator */ = {
			isa = PBXGroup;
			children = (
				2E7D51651EDB074A003C4608 /* Assets.xcassets */,
				2E7D515B1EDB0749003C4608 /* AppDelegate.swift */,
				2E7D518E1EDB0D0E003C4608 /* Controller */,
				2E7D518F1EDB0DD8003C4608 /* View */,
				2E7D516A1EDB074A003C4608 /* Info.plist */,
				2E7D51621EDB074A003C4608 /* TipCalculator.xcdatamodeld */,
			);
			path = TipCalculator;
			sourceTree = "<group>";
		};
		2E7D51721EDB074A003C4608 /* TipCalculatorTests */ = {
			isa = PBXGroup;
			children = (
				2E7D51731EDB074A003C4608 /* TipCalculatorTests.swift */,
				2E7D51751EDB074A003C4608 /* Info.plist */,
			);
			path = TipCalculatorTests;
			sourceTree = "<group>";
		};
		2E7D517D1EDB074A003C4608 /* TipCalculatorUITests */ = {
			isa = PBXGroup;
			children = (
				2E7D517E1EDB074A003C4608 /* TipCalculatorUITests.swift */,
				2E7D51801EDB074A003C4608 /* Info.plist */,
			);
			path = TipCalculatorUITests;
			sourceTree = "<group>";
		};
		2E7D518E1EDB0D0E003C4608 /* Controller */ = {
			isa = PBXGroup;
			children = (
				2E7D515D1EDB0749003C4608 /* ViewController.swift */,
				2E7D518C1EDB0CFE003C4608 /* HistoryTableViewController.swift */,
			);
			name = Controller;
			sourceTree = "<group>";
		};
		2E7D518F1EDB0DD8003C4608 /* View */ = {
			isa = PBXGroup;
			children = (
				2E7D515F1EDB0749003C4608 /* Main.storyboard */,
				2E7D51671EDB074A003C4608 /* LaunchScreen.storyboard */,
				2E7D51941EDB1C6D003C4608 /* HistoryTableViewCell.swift */,
				2E7D51901EDB0DEE003C4608 /* DesignTextField.swift */,
				2E7D51921EDB0FE3003C4608 /* DesignButton.swift */,
			);
			name = View;
			sourceTree = "<group>";
		};
/* End PBXGroup section */

/* Begin PBXNativeTarget section */
		2E7D51571EDB0749003C4608 /* TipCalculator */ = {
			isa = PBXNativeTarget;
			buildConfigurationList = 2E7D51831EDB074A003C4608 /* Build configuration list for PBXNativeTarget "TipCalculator" */;
			buildPhases = (
				2E7D51541EDB0749003C4608 /* Sources */,
				2E7D51551EDB0749003C4608 /* Frameworks */,
				2E7D51561EDB0749003C4608 /* Resources */,
			);
			buildRules = (
			);
			dependencies = (
			);
			name = TipCalculator;
			productName = TipCalculator;
			productReference = 2E7D51581EDB0749003C4608 /* TipCalculator.app */;
			productType = "com.apple.product-type.application";
		};
		2E7D516E1EDB074A003C4608 /* TipCalculatorTests */ = {
			isa = PBXNativeTarget;
			buildConfigurationList = 2E7D51861EDB074A003C4608 /* Build configuration list for PBXNativeTarget "TipCalculatorTests" */;
			buildPhases = (
				2E7D516B1EDB074A003C4608 /* Sources */,
				2E7D516C1EDB074A003C4608 /* Frameworks */,
				2E7D516D1EDB074A003C4608 /* Resources */,
			);
			buildRules = (
			);
			dependencies = (
				2E7D51711EDB074A003C4608 /* PBXTargetDependency */,
			);
			name = TipCalculatorTests;
			productName = TipCalculatorTests;
			productReference = 2E7D516F1EDB074A003C4608 /* TipCalculatorTests.xctest */;
			productType = "com.apple.product-type.bundle.unit-test";
		};
		2E7D51791EDB074A003C4608 /* TipCalculatorUITests */ = {
			isa = PBXNativeTarget;
			buildConfigurationList = 2E7D51891EDB074A003C4608 /* Build configuration list for PBXNativeTarget "TipCalculatorUITests" */;
			buildPhases = (
				2E7D51761EDB074A003C4608 /* Sources */,
				2E7D51771EDB074A003C4608 /* Frameworks */,
				2E7D51781EDB074A003C4608 /* Resources */,
			);
			buildRules = (
			);
			dependencies = (
				2E7D517C1EDB074A003C4608 /* PBXTargetDependency */,
			);
			name = TipCalculatorUITests;
			productName = TipCalculatorUITests;
			productReference = 2E7D517A1EDB074A003C4608 /* TipCalculatorUITests.xctest */;
			productType = "com.apple.product-type.bundle.ui-testing";
		};
/* End PBXNativeTarget section */

/* Begin PBXProject section */
		2E7D51501EDB0749003C4608 /* Project object */ = {
			isa = PBXProject;
			attributes = {
				LastSwiftUpdateCheck = 0830;
				LastUpgradeCheck = 0830;
				ORGANIZATIONNAME = "Kiet Nguyen";
				TargetAttributes = {
					2E7D51571EDB0749003C4608 = {
						CreatedOnToolsVersion = 8.3.2;
						ProvisioningStyle = Automatic;
					};
					2E7D516E1EDB074A003C4608 = {
						CreatedOnToolsVersion = 8.3.2;
						ProvisioningStyle = Automatic;
						TestTargetID = 2E7D51571EDB0749003C4608;
					};
					2E7D51791EDB074A003C4608 = {
						CreatedOnToolsVersion = 8.3.2;
						ProvisioningStyle = Automatic;
						TestTargetID = 2E7D51571EDB0749003C4608;
					};
				};
			};
			buildConfigurationList = 2E7D51531EDB0749003C4608 /* Build configuration list for PBXProject "TipCalculator" */;
			compatibilityVersion = "Xcode 3.2";
			developmentRegion = English;
			hasScannedForEncodings = 0;
			knownRegions = (
				en,
				Base,
			);
			mainGroup = 2E7D514F1EDB0749003C4608;
			productRefGroup = 2E7D51591EDB0749003C4608 /* Products */;
			projectDirPath = "";
			projectRoot = "";
			targets = (
				2E7D51571EDB0749003C4608 /* TipCalculator */,
				2E7D516E1EDB074A003C4608 /* TipCalculatorTests */,
				2E7D51791EDB074A003C4608 /* TipCalculatorUITests */,
			);
		};
/* End PBXProject section */

/* Begin PBXResourcesBuildPhase section */
		2E7D51561EDB0749003C4608 /* Resources */ = {
			isa = PBXResourcesBuildPhase;
			buildActionMask = 2147483647;
			files = (
				2E7D51691EDB074A003C4608 /* LaunchScreen.storyboard in Resources */,
				2E7D51661EDB074A003C4608 /* Assets.xcassets in Resources */,
				2E7D51611EDB0749003C4608 /* Main.storyboard in Resources */,
			);
			runOnlyForDeploymentPostprocessing = 0;
		};
		2E7D516D1EDB074A003C4608 /* Resources */ = {
			isa = PBXResourcesBuildPhase;
			buildActionMask = 2147483647;
			files = (
			);
			runOnlyForDeploymentPostprocessing = 0;
		};
		2E7D51781EDB074A003C4608 /* Resources */ = {
			isa = PBXResourcesBuildPhase;
			buildActionMask = 2147483647;
			files = (
			);
			runOnlyForDeploymentPostprocessing = 0;
		};
/* End PBXResourcesBuildPhase section */

/* Begin PBXSourcesBuildPhase section */
		2E7D51541EDB0749003C4608 /* Sources */ = {
			isa = PBXSourcesBuildPhase;
			buildActionMask = 2147483647;
			files = (
				2E7D51911EDB0DEE003C4608 /* DesignTextField.swift in Sources */,
				2E7D518D1EDB0CFE003C4608 /* HistoryTableViewController.swift in Sources */,
				2E7D51951EDB1C6D003C4608 /* HistoryTableViewCell.swift in Sources */,
				2E7D51641EDB074A003C4608 /* TipCalculator.xcdatamodeld in Sources */,
				2E7D51931EDB0FE3003C4608 /* DesignButton.swift in Sources */,
				2E7D515E1EDB0749003C4608 /* ViewController.swift in Sources */,
				2E7D515C1EDB0749003C4608 /* AppDelegate.swift in Sources */,
			);
			runOnlyForDeploymentPostprocessing = 0;
		};
		2E7D516B1EDB074A003C4608 /* Sources */ = {
			isa = PBXSourcesBuildPhase;
			buildActionMask = 2147483647;
			files = (
				2E7D51741EDB074A003C4608 /* TipCalculatorTests.swift in Sources */,
			);
			runOnlyForDeploymentPostprocessing = 0;
		};
		2E7D51761EDB074A003C4608 /* Sources */ = {
			isa = PBXSourcesBuildPhase;
			buildActionMask = 2147483647;
			files = (
				2E7D517F1EDB074A003C4608 /* TipCalculatorUITests.swift in Sources */,
			);
			runOnlyForDeploymentPostprocessing = 0;
		};
/* End PBXSourcesBuildPhase section */

/* Begin PBXTargetDependency section */
		2E7D51711EDB074A003C4608 /* PBXTargetDependency */ = {
			isa = PBXTargetDependency;
			target = 2E7D51571EDB0749003C4608 /* TipCalculator */;
			targetProxy = 2E7D51701EDB074A003C4608 /* PBXContainerItemProxy */;
		};
		2E7D517C1EDB074A003C4608 /* PBXTargetDependency */ = {
			isa = PBXTargetDependency;
			target = 2E7D51571EDB0749003C4608 /* TipCalculator */;
			targetProxy = 2E7D517B1EDB074A003C4608 /* PBXContainerItemProxy */;
		};
/* End PBXTargetDependency section */

/* Begin PBXVariantGroup section */
		2E7D515F1EDB0749003C4608 /* Main.storyboard */ = {
			isa = PBXVariantGroup;
			children = (
				2E7D51601EDB0749003C4608 /* Base */,
			);
			name = Main.storyboard;
			sourceTree = "<group>";
		};
		2E7D51671EDB074A003C4608 /* LaunchScreen.storyboard */ = {
			isa = PBXVariantGroup;
			children = (
				2E7D51681EDB074A003C4608 /* Base */,
			);
			name = LaunchScreen.storyboard;
			sourceTree = "<group>";
		};
/* End PBXVariantGroup section */

/* Begin XCBuildConfiguration section */
		2E7D51811EDB074A003C4608 /* Debug */ = {
			isa = XCBuildConfiguration;
			buildSettings = {
				ALWAYS_SEARCH_USER_PATHS = NO;
				CLANG_ANALYZER_NONNULL = YES;
				CLANG_ANALYZER_NUMBER_OBJECT_CONVERSION = YES_AGGRESSIVE;
				CLANG_CXX_LANGUAGE_STANDARD = "gnu++0x";
				CLANG_CXX_LIBRARY = "libc++";
				CLANG_ENABLE_MODULES = YES;
				CLANG_ENABLE_OBJC_ARC = YES;
				CLANG_WARN_BOOL_CONVERSION = YES;
				CLANG_WARN_CONSTANT_CONVERSION = YES;
				CLANG_WARN_DIRECT_OBJC_ISA_USAGE = YES_ERROR;
				CLANG_WARN_DOCUMENTATION_COMMENTS = YES;
				CLANG_WARN_EMPTY_BODY = YES;
				CLANG_WARN_ENUM_CONVERSION = YES;
				CLANG_WARN_INFINITE_RECURSION = YES;
				CLANG_WARN_INT_CONVERSION = YES;
				CLANG_WARN_OBJC_ROOT_CLASS = YES_ERROR;
				CLANG_WARN_SUSPICIOUS_MOVE = YES;
				CLANG_WARN_UNREACHABLE_CODE = YES;
				CLANG_WARN__DUPLICATE_METHOD_MATCH = YES;
				"CODE_SIGN_IDENTITY[sdk=iphoneos*]" = "iPhone Developer";
				COPY_PHASE_STRIP = NO;
				DEBUG_INFORMATION_FORMAT = dwarf;
				ENABLE_STRICT_OBJC_MSGSEND = YES;
				ENABLE_TESTABILITY = YES;
				GCC_C_LANGUAGE_STANDARD = gnu99;
				GCC_DYNAMIC_NO_PIC = NO;
				GCC_NO_COMMON_BLOCKS = YES;
				GCC_OPTIMIZATION_LEVEL = 0;
				GCC_PREPROCESSOR_DEFINITIONS = (
					"DEBUG=1",
					"$(inherited)",
				);
				GCC_WARN_64_TO_32_BIT_CONVERSION = YES;
				GCC_WARN_ABOUT_RETURN_TYPE = YES_ERROR;
				GCC_WARN_UNDECLARED_SELECTOR = YES;
				GCC_WARN_UNINITIALIZED_AUTOS = YES_AGGRESSIVE;
				GCC_WARN_UNUSED_FUNCTION = YES;
				GCC_WARN_UNUSED_VARIABLE = YES;
				IPHONEOS_DEPLOYMENT_TARGET = 10.3;
				MTL_ENABLE_DEBUG_INFO = YES;
				ONLY_ACTIVE_ARCH = YES;
				SDKROOT = iphoneos;
				SWIFT_ACTIVE_COMPILATION_CONDITIONS = DEBUG;
				SWIFT_OPTIMIZATION_LEVEL = "-Onone";
				TARGETED_DEVICE_FAMILY = "1,2";
			};
			name = Debug;
		};
		2E7D51821EDB074A003C4608 /* Release */ = {
			isa = XCBuildConfiguration;
			buildSettings = {
				ALWAYS_SEARCH_USER_PATHS = NO;
				CLANG_ANALYZER_NONNULL = YES;
				CLANG_ANALYZER_NUMBER_OBJECT_CONVERSION = YES_AGGRESSIVE;
				CLANG_CXX_LANGUAGE_STANDARD = "gnu++0x";
				CLANG_CXX_LIBRARY = "libc++";
				CLANG_ENABLE_MODULES = YES;
				CLANG_ENABLE_OBJC_ARC = YES;
				CLANG_WARN_BOOL_CONVERSION = YES;
				CLANG_WARN_CONSTANT_CONVERSION = YES;
				CLANG_WARN_DIRECT_OBJC_ISA_USAGE = YES_ERROR;
				CLANG_WARN_DOCUMENTATION_COMMENTS = YES;
				CLANG_WARN_EMPTY_BODY = YES;
				CLANG_WARN_ENUM_CONVERSION = YES;
				CLANG_WARN_INFINITE_RECURSION = YES;
				CLANG_WARN_INT_CONVERSION = YES;
				CLANG_WARN_OBJC_ROOT_CLASS = YES_ERROR;
				CLANG_WARN_SUSPICIOUS_MOVE = YES;
				CLANG_WARN_UNREACHABLE_CODE = YES;
				CLANG_WARN__DUPLICATE_METHOD_MATCH = YES;
				"CODE_SIGN_IDENTITY[sdk=iphoneos*]" = "iPhone Developer";
				COPY_PHASE_STRIP = NO;
				DEBUG_INFORMATION_FORMAT = "dwarf-with-dsym";
				ENABLE_NS_ASSERTIONS = NO;
				ENABLE_STRICT_OBJC_MSGSEND = YES;
				GCC_C_LANGUAGE_STANDARD = gnu99;
				GCC_NO_COMMON_BLOCKS = YES;
				GCC_WARN_64_TO_32_BIT_CONVERSION = YES;
				GCC_WARN_ABOUT_RETURN_TYPE = YES_ERROR;
				GCC_WARN_UNDECLARED_SELECTOR = YES;
				GCC_WARN_UNINITIALIZED_AUTOS = YES_AGGRESSIVE;
				GCC_WARN_UNUSED_FUNCTION = YES;
				GCC_WARN_UNUSED_VARIABLE = YES;
				IPHONEOS_DEPLOYMENT_TARGET = 10.3;
				MTL_ENABLE_DEBUG_INFO = NO;
				SDKROOT = iphoneos;
				SWIFT_OPTIMIZATION_LEVEL = "-Owholemodule";
				TARGETED_DEVICE_FAMILY = "1,2";
				VALIDATE_PRODUCT = YES;
			};
			name = Release;
		};
		2E7D51841EDB074A003C4608 /* Debug */ = {
			isa = XCBuildConfiguration;
			buildSettings = {
				ASSETCATALOG_COMPILER_APPICON_NAME = AppIcon;
				INFOPLIST_FILE = TipCalculator/Info.plist;
				LD_RUNPATH_SEARCH_PATHS = "$(inherited) @executable_path/Frameworks";
				PRODUCT_BUNDLE_IDENTIFIER = "Group-9---iOSUTE.TipCalculator";
				PRODUCT_NAME = "$(TARGET_NAME)";
				SWIFT_VERSION = 3.0;
			};
			name = Debug;
		};
		2E7D51851EDB074A003C4608 /* Release */ = {
			isa = XCBuildConfiguration;
			buildSettings = {
				ASSETCATALOG_COMPILER_APPICON_NAME = AppIcon;
				INFOPLIST_FILE = TipCalculator/Info.plist;
				LD_RUNPATH_SEARCH_PATHS = "$(inherited) @executable_path/Frameworks";
				PRODUCT_BUNDLE_IDENTIFIER = "Group-9---iOSUTE.TipCalculator";
				PRODUCT_NAME = "$(TARGET_NAME)";
				SWIFT_VERSION = 3.0;
			};
			name = Release;
		};
		2E7D51871EDB074A003C4608 /* Debug */ = {
			isa = XCBuildConfiguration;
			buildSettings = {
				ALWAYS_EMBED_SWIFT_STANDARD_LIBRARIES = YES;
				BUNDLE_LOADER = "$(TEST_HOST)";
				INFOPLIST_FILE = TipCalculatorTests/Info.plist;
				LD_RUNPATH_SEARCH_PATHS = "$(inherited) @executable_path/Frameworks @loader_path/Frameworks";
				PRODUCT_BUNDLE_IDENTIFIER = "Group-9---iOSUTE.TipCalculatorTests";
				PRODUCT_NAME = "$(TARGET_NAME)";
				SWIFT_VERSION = 3.0;
				TEST_HOST = "$(BUILT_PRODUCTS_DIR)/TipCalculator.app/TipCalculator";
			};
			name = Debug;
		};
		2E7D51881EDB074A003C4608 /* Release */ = {
			isa = XCBuildConfiguration;
			buildSettings = {
				ALWAYS_EMBED_SWIFT_STANDARD_LIBRARIES = YES;
				BUNDLE_LOADER = "$(TEST_HOST)";
				INFOPLIST_FILE = TipCalculatorTests/Info.plist;
				LD_RUNPATH_SEARCH_PATHS = "$(inherited) @executable_path/Frameworks @loader_path/Frameworks";
				PRODUCT_BUNDLE_IDENTIFIER = "Group-9---iOSUTE.TipCalculatorTests";
				PRODUCT_NAME = "$(TARGET_NAME)";
				SWIFT_VERSION = 3.0;
				TEST_HOST = "$(BUILT_PRODUCTS_DIR)/TipCalculator.app/TipCalculator";
			};
			name = Release;
		};
		2E7D518A1EDB074A003C4608 /* Debug */ = {
			isa = XCBuildConfiguration;
			buildSettings = {
				ALWAYS_EMBED_SWIFT_STANDARD_LIBRARIES = YES;
				INFOPLIST_FILE = TipCalculatorUITests/Info.plist;
				LD_RUNPATH_SEARCH_PATHS = "$(inherited) @executable_path/Frameworks @loader_path/Frameworks";
				PRODUCT_BUNDLE_IDENTIFIER = "Group-9---iOSUTE.TipCalculatorUITests";
				PRODUCT_NAME = "$(TARGET_NAME)";
				SWIFT_VERSION = 3.0;
				TEST_TARGET_NAME = TipCalculator;
			};
			name = Debug;
		};
		2E7D518B1EDB074A003C4608 /* Release */ = {
			isa = XCBuildConfiguration;
			buildSettings = {
				ALWAYS_EMBED_SWIFT_STANDARD_LIBRARIES = YES;
				INFOPLIST_FILE = TipCalculatorUITests/Info.plist;
				LD_RUNPATH_SEARCH_PATHS = "$(inherited) @executable_path/Frameworks @loader_path/Frameworks";
				PRODUCT_BUNDLE_IDENTIFIER = "Group-9---iOSUTE.TipCalculatorUITests";
				PRODUCT_NAME = "$(TARGET_NAME)";
				SWIFT_VERSION = 3.0;
				TEST_TARGET_NAME = TipCalculator;
			};
			name = Release;
		};
/* End XCBuildConfiguration section */

/* Begin XCConfigurationList section */
		2E7D51531EDB0749003C4608 /* Build configuration list for PBXProject "TipCalculator" */ = {
			isa = XCConfigurationList;
			buildConfigurations = (
				2E7D51811EDB074A003C4608 /* Debug */,
				2E7D51821EDB074A003C4608 /* Release */,
			);
			defaultConfigurationIsVisible = 0;
			defaultConfigurationName = Release;
		};
		2E7D51831EDB074A003C4608 /* Build configuration list for PBXNativeTarget "TipCalculator" */ = {
			isa = XCConfigurationList;
			buildConfigurations = (
				2E7D51841EDB074A003C4608 /* Debug */,
				2E7D51851EDB074A003C4608 /* Release */,
			);
			defaultConfigurationIsVisible = 0;
		};
		2E7D51861EDB074A003C4608 /* Build configuration list for PBXNativeTarget "TipCalculatorTests" */ = {
			isa = XCConfigurationList;
			buildConfigurations = (
				2E7D51871EDB074A003C4608 /* Debug */,
				2E7D51881EDB074A003C4608 /* Release */,
			);
			defaultConfigurationIsVisible = 0;
		};
		2E7D51891EDB074A003C4608 /* Build configuration list for PBXNativeTarget "TipCalculatorUITests" */ = {
			isa = XCConfigurationList;
			buildConfigurations = (
				2E7D518A1EDB074A003C4608 /* Debug */,
				2E7D518B1EDB074A003C4608 /* Release */,
			);
			defaultConfigurationIsVisible = 0;
		};
/* End XCConfigurationList section */

/* Begin XCVersionGroup section */
		2E7D51621EDB074A003C4608 /* TipCalculator.xcdatamodeld */ = {
			isa = XCVersionGroup;
			children = (
				2E7D51631EDB074A003C4608 /* TipCalculator.xcdatamodel */,
			);
			currentVersion = 2E7D51631EDB074A003C4608 /* TipCalculator.xcdatamodel */;
			path = TipCalculator.xcdatamodeld;
			sourceTree = "<group>";
			versionGroupType = wrapper.xcdatamodel;
		};
/* End XCVersionGroup section */
	};
	rootObject = 2E7D51501EDB0749003C4608 /* Project object */;
}
